
Microsoft Visual Studio Solution File, Format Version 12.00
# Visual Studio Version 17
VisualStudioVersion = 17.7.34031.279
MinimumVisualStudioVersion = 10.0.40219.1
Project("{FAE04EC0-301F-11D3-BF4B-00C04F79EFBC}") = "Prob02_Lab07", "Prob02_Lab07.csproj", "{647C9E6B-2CD1-441C-89E6-E51AD5788670}"
EndProject
Global
	GlobalSection(SolutionConfigurationPlatforms) = preSolution
		Debug|Any CPU = Debug|Any CPU
		Release|Any CPU = Release|Any CPU
	EndGlobalSection
	GlobalSection(ProjectConfigurationPlatforms) = postSolution
		{647C9E6B-2CD1-441C-89E6-E51AD5788670}.Debug|Any CPU.ActiveCfg = Debug|Any CPU
		{647C9E6B-2CD1-441C-89E6-E51AD5788670}.Debug|Any CPU.Build.0 = Debug|Any CPU
		{647C9E6B-2CD1-441C-89E6-E51AD5788670}.Release|Any CPU.ActiveCfg = Release|Any CPU
		{647C9E6B-2CD1-441C-89E6-E51AD5788670}.Release|Any CPU.Build.0 = Release|Any CPU
	EndGlobalSection
	GlobalSection(SolutionProperties) = preSolution
		HideSolutionNode = FALSE
	EndGlobalSection
	GlobalSection(ExtensibilityGlobals) = postSolution
		SolutionGuid = {B1543902-DA73-42C5-98CD-51794339360E}
	EndGlobalSection
EndGlobal
